// !$*UTF8*$!
{
	archiveVersion = 1;
	classes = {
	};
	objectVersion = 46;
	objects = {

/* Begin PBXBuildFile section */
		1FD42A9F13969E31009E1E99 /* ConvertController.cpp in Sources */ = {isa = PBXBuildFile; fileRef = 1FD42A9713969E31009E1E99 /* ConvertController.cpp */; };
		1FD42AA013969E31009E1E99 /* OSMObject.cpp in Sources */ = {isa = PBXBuildFile; fileRef = 1FD42A9913969E31009E1E99 /* OSMObject.cpp */; };
		1FD42AA113969E31009E1E99 /* Plugin.cpp in Sources */ = {isa = PBXBuildFile; fileRef = 1FD42A9B13969E31009E1E99 /* Plugin.cpp */; };
		1FD42AA213969E31009E1E99 /* XMLParser.cpp in Sources */ = {isa = PBXBuildFile; fileRef = 1FD42A9D13969E31009E1E99 /* XMLParser.cpp */; };
		D0A5483513969AE5002CAF7D /* main.cpp in Sources */ = {isa = PBXBuildFile; fileRef = D0A5483413969AE5002CAF7D /* main.cpp */; };
/* End PBXBuildFile section */

/* Begin PBXCopyFilesBuildPhase section */
		D0A5482E13969AE5002CAF7D /* CopyFiles */ = {
			isa = PBXCopyFilesBuildPhase;
			buildActionMask = 2147483647;
			dstPath = /usr/share/man/man1/;
			dstSubfolderSpec = 0;
			files = (
			);
			runOnlyForDeploymentPostprocessing = 1;
		};
/* End PBXCopyFilesBuildPhase section */

/* Begin PBXFileReference section */
		1FD42A9613969E31009E1E99 /* ConvertController.h */ = {isa = PBXFileReference; fileEncoding = 4; lastKnownFileType = sourcecode.c.h; path = ConvertController.h; sourceTree = "<group>"; };
		1FD42A9713969E31009E1E99 /* ConvertController.cpp */ = {isa = PBXFileReference; fileEncoding = 4; lastKnownFileType = sourcecode.cpp.cpp; path = ConvertController.cpp; sourceTree = "<group>"; };
		1FD42A9813969E31009E1E99 /* imports.h */ = {isa = PBXFileReference; fileEncoding = 4; lastKnownFileType = sourcecode.c.h; path = imports.h; sourceTree = "<group>"; };
		1FD42A9913969E31009E1E99 /* OSMObject.cpp */ = {isa = PBXFileReference; fileEncoding = 4; lastKnownFileType = sourcecode.cpp.cpp; path = OSMObject.cpp; sourceTree = "<group>"; };
		1FD42A9A13969E31009E1E99 /* OSMObject.h */ = {isa = PBXFileReference; fileEncoding = 4; lastKnownFileType = sourcecode.c.h; path = OSMObject.h; sourceTree = "<group>"; };
		1FD42A9B13969E31009E1E99 /* Plugin.cpp */ = {isa = PBXFileReference; fileEncoding = 4; lastKnownFileType = sourcecode.cpp.cpp; path = Plugin.cpp; sourceTree = "<group>"; };
		1FD42A9C13969E31009E1E99 /* Plugin.h */ = {isa = PBXFileReference; fileEncoding = 4; lastKnownFileType = sourcecode.c.h; path = Plugin.h; sourceTree = "<group>"; };
		1FD42A9D13969E31009E1E99 /* XMLParser.cpp */ = {isa = PBXFileReference; fileEncoding = 4; lastKnownFileType = sourcecode.cpp.cpp; path = XMLParser.cpp; sourceTree = "<group>"; };
		1FD42A9E13969E31009E1E99 /* XMLParser.h */ = {isa = PBXFileReference; fileEncoding = 4; lastKnownFileType = sourcecode.c.h; path = XMLParser.h; sourceTree = "<group>"; };
		D0A5483013969AE5002CAF7D /* osmconvert */ = {isa = PBXFileReference; explicitFileType = "compiled.mach-o.executable"; includeInIndex = 0; path = osmconvert; sourceTree = BUILT_PRODUCTS_DIR; };
		D0A5483413969AE5002CAF7D /* main.cpp */ = {isa = PBXFileReference; lastKnownFileType = sourcecode.cpp.cpp; path = main.cpp; sourceTree = "<group>"; };
		D0A5483613969AE5002CAF7D /* osmconvert.1 */ = {isa = PBXFileReference; lastKnownFileType = text.man; path = osmconvert.1; sourceTree = "<group>"; };
/* End PBXFileReference section */

/* Begin PBXFrameworksBuildPhase section */
		D0A5482D13969AE5002CAF7D /* Frameworks */ = {
			isa = PBXFrameworksBuildPhase;
			buildActionMask = 2147483647;
			files = (
			);
			runOnlyForDeploymentPostprocessing = 0;
		};
/* End PBXFrameworksBuildPhase section */

/* Begin PBXGroup section */
		D0A5482513969AE5002CAF7D = {
			isa = PBXGroup;
			children = (
				D0A5483313969AE5002CAF7D /* osmconvert */,
				D0A5483113969AE5002CAF7D /* Products */,
			);
			sourceTree = "<group>";
		};
		D0A5483113969AE5002CAF7D /* Products */ = {
			isa = PBXGroup;
			children = (
				D0A5483013969AE5002CAF7D /* osmconvert */,
			);
			name = Products;
			sourceTree = "<group>";
		};
		D0A5483313969AE5002CAF7D /* osmconvert */ = {
			isa = PBXGroup;
			children = (
				1FD42A9613969E31009E1E99 /* ConvertController.h */,
				1FD42A9713969E31009E1E99 /* ConvertController.cpp */,
				1FD42A9813969E31009E1E99 /* imports.h */,
				1FD42A9913969E31009E1E99 /* OSMObject.cpp */,
				1FD42A9A13969E31009E1E99 /* OSMObject.h */,
				1FD42A9B13969E31009E1E99 /* Plugin.cpp */,
				1FD42A9C13969E31009E1E99 /* Plugin.h */,
				1FD42A9D13969E31009E1E99 /* XMLParser.cpp */,
				1FD42A9E13969E31009E1E99 /* XMLParser.h */,
				D0A5483413969AE5002CAF7D /* main.cpp */,
				D0A5483613969AE5002CAF7D /* osmconvert.1 */,
			);
			path = osmconvert;
			sourceTree = "<group>";
		};
/* End PBXGroup section */

/* Begin PBXNativeTarget section */
		D0A5482F13969AE5002CAF7D /* osmconvert */ = {
			isa = PBXNativeTarget;
			buildConfigurationList = D0A5483913969AE5002CAF7D /* Build configuration list for PBXNativeTarget "osmconvert" */;
			buildPhases = (
				D0A5482C13969AE5002CAF7D /* Sources */,
				D0A5482D13969AE5002CAF7D /* Frameworks */,
				D0A5482E13969AE5002CAF7D /* CopyFiles */,
			);
			buildRules = (
			);
			dependencies = (
			);
			name = osmconvert;
			productName = osmconvert;
			productReference = D0A5483013969AE5002CAF7D /* osmconvert */;
			productType = "com.apple.product-type.tool";
		};
/* End PBXNativeTarget section */

/* Begin PBXProject section */
		D0A5482713969AE5002CAF7D /* Project object */ = {
			isa = PBXProject;
			buildConfigurationList = D0A5482A13969AE5002CAF7D /* Build configuration list for PBXProject "osmconvert" */;
			compatibilityVersion = "Xcode 3.2";
			developmentRegion = English;
			hasScannedForEncodings = 0;
			knownRegions = (
				en,
			);
			mainGroup = D0A5482513969AE5002CAF7D;
			productRefGroup = D0A5483113969AE5002CAF7D /* Products */;
			projectDirPath = "";
			projectRoot = "";
			targets = (
				D0A5482F13969AE5002CAF7D /* osmconvert */,
			);
		};
/* End PBXProject section */

/* Begin PBXSourcesBuildPhase section */
		D0A5482C13969AE5002CAF7D /* Sources */ = {
			isa = PBXSourcesBuildPhase;
			buildActionMask = 2147483647;
			files = (
				D0A5483513969AE5002CAF7D /* main.cpp in Sources */,
				1FD42A9F13969E31009E1E99 /* ConvertController.cpp in Sources */,
				1FD42AA013969E31009E1E99 /* OSMObject.cpp in Sources */,
				1FD42AA113969E31009E1E99 /* Plugin.cpp in Sources */,
				1FD42AA213969E31009E1E99 /* XMLParser.cpp in Sources */,
			);
			runOnlyForDeploymentPostprocessing = 0;
		};
/* End PBXSourcesBuildPhase section */

/* Begin XCBuildConfiguration section */
		D0A5483713969AE5002CAF7D /* Debug */ = {
			isa = XCBuildConfiguration;
			buildSettings = {
				ARCHS = "$(ARCHS_STANDARD_32_64_BIT)";
				GCC_C_LANGUAGE_STANDARD = gnu99;
				GCC_OPTIMIZATION_LEVEL = 0;
				GCC_PREPROCESSOR_DEFINITIONS = DEBUG;
				GCC_SYMBOLS_PRIVATE_EXTERN = NO;
				GCC_VERSION = com.apple.compilers.llvm.clang.1_0;
				GCC_WARN_64_TO_32_BIT_CONVERSION = YES;
				GCC_WARN_ABOUT_RETURN_TYPE = YES;
				GCC_WARN_UNUSED_VARIABLE = YES;
				MACOSX_DEPLOYMENT_TARGET = 10.6;
				ONLY_ACTIVE_ARCH = YES;
				SDKROOT = macosx;
			};
			name = Debug;
		};
		D0A5483813969AE5002CAF7D /* Release */ = {
			isa = XCBuildConfiguration;
			buildSettings = {
				ARCHS = "$(ARCHS_STANDARD_32_64_BIT)";
				GCC_C_LANGUAGE_STANDARD = gnu99;
				GCC_VERSION = com.apple.compilers.llvm.clang.1_0;
				GCC_WARN_64_TO_32_BIT_CONVERSION = YES;
				GCC_WARN_ABOUT_RETURN_TYPE = YES;
				GCC_WARN_UNUSED_VARIABLE = YES;
				MACOSX_DEPLOYMENT_TARGET = 10.6;
				SDKROOT = macosx;
			};
			name = Release;
		};
		D0A5483A13969AE5002CAF7D /* Debug */ = {
			isa = XCBuildConfiguration;
			buildSettings = {
				ALWAYS_SEARCH_USER_PATHS = NO;
				COPY_PHASE_STRIP = NO;
				GCC_DYNAMIC_NO_PIC = NO;
				GCC_ENABLE_OBJC_EXCEPTIONS = YES;
				PRODUCT_NAME = "$(TARGET_NAME)";
			};
			name = Debug;
		};
		D0A5483B13969AE5002CAF7D /* Release */ = {
			isa = XCBuildConfiguration;
			buildSettings = {
				ALWAYS_SEARCH_USER_PATHS = NO;
				COPY_PHASE_STRIP = YES;
				DEBUG_INFORMATION_FORMAT = "dwarf-with-dsym";
				GCC_ENABLE_OBJC_EXCEPTIONS = YES;
				PRODUCT_NAME = "$(TARGET_NAME)";
			};
			name = Release;
		};
/* End XCBuildConfiguration section */

/* Begin XCConfigurationList section */
		D0A5482A13969AE5002CAF7D /* Build configuration list for PBXProject "osmconvert" */ = {
			isa = XCConfigurationList;
			buildConfigurations = (
				D0A5483713969AE5002CAF7D /* Debug */,
				D0A5483813969AE5002CAF7D /* Release */,
			);
			defaultConfigurationIsVisible = 0;
			defaultConfigurationName = Release;
		};
		D0A5483913969AE5002CAF7D /* Build configuration list for PBXNativeTarget "osmconvert" */ = {
			isa = XCConfigurationList;
			buildConfigurations = (
				D0A5483A13969AE5002CAF7D /* Debug */,
				D0A5483B13969AE5002CAF7D /* Release */,
			);
			defaultConfigurationIsVisible = 0;
			defaultConfigurationName = Release;
		};
/* End XCConfigurationList section */
	};
	rootObject = D0A5482713969AE5002CAF7D /* Project object */;
}
